
Microsoft Visual Studio Solution File, Format Version 12.00
# Visual Studio Version 16
VisualStudioVersion = 16.0.30621.155
MinimumVisualStudioVersion = 10.0.40219.1
Project("{FAE04EC0-301F-11D3-BF4B-00C04F79EFBC}") = "CodingExercise", "CodingExercise\CodingExercise.csproj", "{1D9BB152-9940-44A1-819A-A2F82F353CEE}"
EndProject
Project("{FAE04EC0-301F-11D3-BF4B-00C04F79EFBC}") = "CodingExercise.DataAccess", "CodingExercise.DataAccess\CodingExercise.DataAccess.csproj", "{614F18E4-310C-4960-B20B-DE476A587C39}"
EndProject
Global
	GlobalSection(SolutionConfigurationPlatforms) = preSolution
		Debug|Any CPU = Debug|Any CPU
		Release|Any CPU = Release|Any CPU
	EndGlobalSection
	GlobalSection(ProjectConfigurationPlatforms) = postSolution
		{1D9BB152-9940-44A1-819A-A2F82F353CEE}.Debug|Any CPU.ActiveCfg = Debug|Any CPU
		{1D9BB152-9940-44A1-819A-A2F82F353CEE}.Debug|Any CPU.Build.0 = Debug|Any CPU
		{1D9BB152-9940-44A1-819A-A2F82F353CEE}.Release|Any CPU.ActiveCfg = Release|Any CPU
		{1D9BB152-9940-44A1-819A-A2F82F353CEE}.Release|Any CPU.Build.0 = Release|Any CPU
		{614F18E4-310C-4960-B20B-DE476A587C39}.Debug|Any CPU.ActiveCfg = Debug|Any CPU
		{614F18E4-310C-4960-B20B-DE476A587C39}.Debug|Any CPU.Build.0 = Debug|Any CPU
		{614F18E4-310C-4960-B20B-DE476A587C39}.Release|Any CPU.ActiveCfg = Release|Any CPU
		{614F18E4-310C-4960-B20B-DE476A587C39}.Release|Any CPU.Build.0 = Release|Any CPU
	EndGlobalSection
	GlobalSection(SolutionProperties) = preSolution
		HideSolutionNode = FALSE
	EndGlobalSection
	GlobalSection(ExtensibilityGlobals) = postSolution
		SolutionGuid = {300CB89E-DC34-4B60-ADAF-C6E98D94211B}
	EndGlobalSection
EndGlobal
